
Microsoft Visual Studio Solution File, Format Version 12.00
Project("{FAE04EC0-301F-11D3-BF4B-00C04F79EFBC}") = "GameOfWar.ConsoleUI", "GameOfWar.ConsoleUI\GameOfWar.ConsoleUI.csproj", "{C9081D2D-4271-4B31-AAFF-AED130549986}"
EndProject
Project("{FAE04EC0-301F-11D3-BF4B-00C04F79EFBC}") = "GameOfWar.Domain", "GameOfWar.Domain\GameOfWar.Domain.csproj", "{AD8B0365-6752-491E-9C16-F78120CC94CC}"
EndProject
Project("{FAE04EC0-301F-11D3-BF4B-00C04F79EFBC}") = "GameOfWar.Domain.UnitTests", "GameOfWar.Domain.UnitTests\GameOfWar.Domain.UnitTests.csproj", "{488ED00C-04D5-4391-8695-DE02EDD8269C}"
EndProject
Project("{FAE04EC0-301F-11D3-BF4B-00C04F79EFBC}") = "GameOfWar.Application", "GameOfWar.Application\GameOfWar.Application.csproj", "{BF53A880-830A-432E-A730-7B5BB72FD61C}"
EndProject
Global
	GlobalSection(SolutionConfigurationPlatforms) = preSolution
		Debug|Any CPU = Debug|Any CPU
		Release|Any CPU = Release|Any CPU
	EndGlobalSection
	GlobalSection(ProjectConfigurationPlatforms) = postSolution
		{C9081D2D-4271-4B31-AAFF-AED130549986}.Debug|Any CPU.ActiveCfg = Debug|Any CPU
		{C9081D2D-4271-4B31-AAFF-AED130549986}.Debug|Any CPU.Build.0 = Debug|Any CPU
		{C9081D2D-4271-4B31-AAFF-AED130549986}.Release|Any CPU.ActiveCfg = Release|Any CPU
		{C9081D2D-4271-4B31-AAFF-AED130549986}.Release|Any CPU.Build.0 = Release|Any CPU
		{AD8B0365-6752-491E-9C16-F78120CC94CC}.Debug|Any CPU.ActiveCfg = Debug|Any CPU
		{AD8B0365-6752-491E-9C16-F78120CC94CC}.Debug|Any CPU.Build.0 = Debug|Any CPU
		{AD8B0365-6752-491E-9C16-F78120CC94CC}.Release|Any CPU.ActiveCfg = Release|Any CPU
		{AD8B0365-6752-491E-9C16-F78120CC94CC}.Release|Any CPU.Build.0 = Release|Any CPU
		{488ED00C-04D5-4391-8695-DE02EDD8269C}.Debug|Any CPU.ActiveCfg = Debug|Any CPU
		{488ED00C-04D5-4391-8695-DE02EDD8269C}.Debug|Any CPU.Build.0 = Debug|Any CPU
		{488ED00C-04D5-4391-8695-DE02EDD8269C}.Release|Any CPU.ActiveCfg = Release|Any CPU
		{488ED00C-04D5-4391-8695-DE02EDD8269C}.Release|Any CPU.Build.0 = Release|Any CPU
		{BF53A880-830A-432E-A730-7B5BB72FD61C}.Debug|Any CPU.ActiveCfg = Debug|Any CPU
		{BF53A880-830A-432E-A730-7B5BB72FD61C}.Debug|Any CPU.Build.0 = Debug|Any CPU
		{BF53A880-830A-432E-A730-7B5BB72FD61C}.Release|Any CPU.ActiveCfg = Release|Any CPU
		{BF53A880-830A-432E-A730-7B5BB72FD61C}.Release|Any CPU.Build.0 = Release|Any CPU
	EndGlobalSection
EndGlobal
